
Microsoft Visual Studio Solution File, Format Version 12.00
# Visual Studio 14
VisualStudioVersion = 14.0.25420.1
MinimumVisualStudioVersion = 10.0.40219.1
Project("{FAE04EC0-301F-11D3-BF4B-00C04F79EFBC}") = "LinearAlgebra", "LinearAlgebra\LinearAlgebra.csproj", "{E7B40F12-E929-431A-A4A2-2506F4A385CA}"
EndProject
Project("{FAE04EC0-301F-11D3-BF4B-00C04F79EFBC}") = "TestLinearAlgebra", "TestLinearAlgebra\TestLinearAlgebra.csproj", "{B0522430-EBF1-4EC0-B58B-ADAE3CBDD8E7}"
EndProject
Project("{FAE04EC0-301F-11D3-BF4B-00C04F79EFBC}") = "SystemLinearEquation", "SystemLinearEquation\SystemLinearEquation.csproj", "{69B4C004-3ED4-438D-B0C2-3C2DDB93F570}"
EndProject
Global
	GlobalSection(SolutionConfigurationPlatforms) = preSolution
		Debug|Any CPU = Debug|Any CPU
		Release|Any CPU = Release|Any CPU
	EndGlobalSection
	GlobalSection(ProjectConfigurationPlatforms) = postSolution
		{E7B40F12-E929-431A-A4A2-2506F4A385CA}.Debug|Any CPU.ActiveCfg = Debug|Any CPU
		{E7B40F12-E929-431A-A4A2-2506F4A385CA}.Debug|Any CPU.Build.0 = Debug|Any CPU
		{E7B40F12-E929-431A-A4A2-2506F4A385CA}.Release|Any CPU.ActiveCfg = Release|Any CPU
		{E7B40F12-E929-431A-A4A2-2506F4A385CA}.Release|Any CPU.Build.0 = Release|Any CPU
		{B0522430-EBF1-4EC0-B58B-ADAE3CBDD8E7}.Debug|Any CPU.ActiveCfg = Debug|Any CPU
		{B0522430-EBF1-4EC0-B58B-ADAE3CBDD8E7}.Debug|Any CPU.Build.0 = Debug|Any CPU
		{B0522430-EBF1-4EC0-B58B-ADAE3CBDD8E7}.Release|Any CPU.ActiveCfg = Release|Any CPU
		{B0522430-EBF1-4EC0-B58B-ADAE3CBDD8E7}.Release|Any CPU.Build.0 = Release|Any CPU
		{69B4C004-3ED4-438D-B0C2-3C2DDB93F570}.Debug|Any CPU.ActiveCfg = Debug|Any CPU
		{69B4C004-3ED4-438D-B0C2-3C2DDB93F570}.Debug|Any CPU.Build.0 = Debug|Any CPU
		{69B4C004-3ED4-438D-B0C2-3C2DDB93F570}.Release|Any CPU.ActiveCfg = Release|Any CPU
		{69B4C004-3ED4-438D-B0C2-3C2DDB93F570}.Release|Any CPU.Build.0 = Release|Any CPU
	EndGlobalSection
	GlobalSection(SolutionProperties) = preSolution
		HideSolutionNode = FALSE
	EndGlobalSection
EndGlobal
